
Microsoft Visual Studio Solution File, Format Version 12.00
# Visual Studio Version 16
VisualStudioVersion = 16.0.30104.148
MinimumVisualStudioVersion = 10.0.40219.1
Project("{FAE04EC0-301F-11D3-BF4B-00C04F79EFBC}") = "BlogProject", "BlogProject\BlogProject.csproj", "{A9C283E2-D1B3-478D-8CD9-F69734CB7C77}"
EndProject
Project("{FAE04EC0-301F-11D3-BF4B-00C04F79EFBC}") = "BlogProject.Entity", "BlogProject.Entity\BlogProject.Entity.csproj", "{07A95978-CF4A-4C31-9E81-0B282CCE8EDB}"
EndProject
Project("{FAE04EC0-301F-11D3-BF4B-00C04F79EFBC}") = "BlogProject.Map", "BlogProject.Map\BlogProject.Map.csproj", "{C4D59980-926A-4482-B64D-BD75320E2B2B}"
EndProject
Project("{FAE04EC0-301F-11D3-BF4B-00C04F79EFBC}") = "BlogProject.DAL", "BlogProject.DAL\BlogProject.DAL.csproj", "{24282446-A9D8-46E4-B94A-6B5C3E5D81EE}"
EndProject
Global
	GlobalSection(SolutionConfigurationPlatforms) = preSolution
		Debug|Any CPU = Debug|Any CPU
		Release|Any CPU = Release|Any CPU
	EndGlobalSection
	GlobalSection(ProjectConfigurationPlatforms) = postSolution
		{A9C283E2-D1B3-478D-8CD9-F69734CB7C77}.Debug|Any CPU.ActiveCfg = Debug|Any CPU
		{A9C283E2-D1B3-478D-8CD9-F69734CB7C77}.Debug|Any CPU.Build.0 = Debug|Any CPU
		{A9C283E2-D1B3-478D-8CD9-F69734CB7C77}.Release|Any CPU.ActiveCfg = Release|Any CPU
		{A9C283E2-D1B3-478D-8CD9-F69734CB7C77}.Release|Any CPU.Build.0 = Release|Any CPU
		{07A95978-CF4A-4C31-9E81-0B282CCE8EDB}.Debug|Any CPU.ActiveCfg = Debug|Any CPU
		{07A95978-CF4A-4C31-9E81-0B282CCE8EDB}.Debug|Any CPU.Build.0 = Debug|Any CPU
		{07A95978-CF4A-4C31-9E81-0B282CCE8EDB}.Release|Any CPU.ActiveCfg = Release|Any CPU
		{07A95978-CF4A-4C31-9E81-0B282CCE8EDB}.Release|Any CPU.Build.0 = Release|Any CPU
		{C4D59980-926A-4482-B64D-BD75320E2B2B}.Debug|Any CPU.ActiveCfg = Debug|Any CPU
		{C4D59980-926A-4482-B64D-BD75320E2B2B}.Debug|Any CPU.Build.0 = Debug|Any CPU
		{C4D59980-926A-4482-B64D-BD75320E2B2B}.Release|Any CPU.ActiveCfg = Release|Any CPU
		{C4D59980-926A-4482-B64D-BD75320E2B2B}.Release|Any CPU.Build.0 = Release|Any CPU
		{24282446-A9D8-46E4-B94A-6B5C3E5D81EE}.Debug|Any CPU.ActiveCfg = Debug|Any CPU
		{24282446-A9D8-46E4-B94A-6B5C3E5D81EE}.Debug|Any CPU.Build.0 = Debug|Any CPU
		{24282446-A9D8-46E4-B94A-6B5C3E5D81EE}.Release|Any CPU.ActiveCfg = Release|Any CPU
		{24282446-A9D8-46E4-B94A-6B5C3E5D81EE}.Release|Any CPU.Build.0 = Release|Any CPU
	EndGlobalSection
	GlobalSection(SolutionProperties) = preSolution
		HideSolutionNode = FALSE
	EndGlobalSection
	GlobalSection(ExtensibilityGlobals) = postSolution
		SolutionGuid = {A0F54EF4-24FD-426F-A485-550C8089B49E}
	EndGlobalSection
EndGlobal
